
Microsoft Visual Studio Solution File, Format Version 12.00
# Visual Studio Version 17
VisualStudioVersion = 17.7.34221.43
MinimumVisualStudioVersion = 10.0.40219.1
Project("{FAE04EC0-301F-11D3-BF4B-00C04F79EFBC}") = "Lab4", "Lab4\Lab4.csproj", "{93A717AF-1ACD-42DF-B99F-BC86A7048746}"
EndProject
Global
	GlobalSection(SolutionConfigurationPlatforms) = preSolution
		Debug|Any CPU = Debug|Any CPU
		Release|Any CPU = Release|Any CPU
	EndGlobalSection
	GlobalSection(ProjectConfigurationPlatforms) = postSolution
		{93A717AF-1ACD-42DF-B99F-BC86A7048746}.Debug|Any CPU.ActiveCfg = Debug|Any CPU
		{93A717AF-1ACD-42DF-B99F-BC86A7048746}.Debug|Any CPU.Build.0 = Debug|Any CPU
		{93A717AF-1ACD-42DF-B99F-BC86A7048746}.Release|Any CPU.ActiveCfg = Release|Any CPU
		{93A717AF-1ACD-42DF-B99F-BC86A7048746}.Release|Any CPU.Build.0 = Release|Any CPU
	EndGlobalSection
	GlobalSection(SolutionProperties) = preSolution
		HideSolutionNode = FALSE
	EndGlobalSection
	GlobalSection(ExtensibilityGlobals) = postSolution
		SolutionGuid = {15A0B9FB-86F7-411B-A201-47AAD65A78E3}
	EndGlobalSection
EndGlobal
